
Microsoft Visual Studio Solution File, Format Version 12.00
# Visual Studio Version 17
VisualStudioVersion = 17.0.32126.317
MinimumVisualStudioVersion = 10.0.40219.1
Project("{FAE04EC0-301F-11D3-BF4B-00C04F79EFBC}") = "Assignment3", "Assignment3\Assignment3.csproj", "{6AC44DDB-D168-4BE4-B10A-74330B89304B}"
EndProject
Global
	GlobalSection(SolutionConfigurationPlatforms) = preSolution
		Debug|Any CPU = Debug|Any CPU
		Release|Any CPU = Release|Any CPU
	EndGlobalSection
	GlobalSection(ProjectConfigurationPlatforms) = postSolution
		{6AC44DDB-D168-4BE4-B10A-74330B89304B}.Debug|Any CPU.ActiveCfg = Debug|Any CPU
		{6AC44DDB-D168-4BE4-B10A-74330B89304B}.Debug|Any CPU.Build.0 = Debug|Any CPU
		{6AC44DDB-D168-4BE4-B10A-74330B89304B}.Release|Any CPU.ActiveCfg = Release|Any CPU
		{6AC44DDB-D168-4BE4-B10A-74330B89304B}.Release|Any CPU.Build.0 = Release|Any CPU
	EndGlobalSection
	GlobalSection(SolutionProperties) = preSolution
		HideSolutionNode = FALSE
	EndGlobalSection
	GlobalSection(ExtensibilityGlobals) = postSolution
		SolutionGuid = {02006DD1-7434-4B85-B591-3CB7EBB1821E}
	EndGlobalSection
EndGlobal
